
Microsoft Visual Studio Solution File, Format Version 12.00
# Visual Studio Version 16
VisualStudioVersion = 16.0.28803.352
MinimumVisualStudioVersion = 10.0.40219.1
Project("{FAE04EC0-301F-11D3-BF4B-00C04F79EFBC}") = "AplicacionWeb", "AplicacionWeb\AplicacionWeb.csproj", "{63C560CC-DE92-49C8-90B6-1A8A1823EB35}"
EndProject
Global
	GlobalSection(SolutionConfigurationPlatforms) = preSolution
		Debug|Any CPU = Debug|Any CPU
		Release|Any CPU = Release|Any CPU
	EndGlobalSection
	GlobalSection(ProjectConfigurationPlatforms) = postSolution
		{63C560CC-DE92-49C8-90B6-1A8A1823EB35}.Debug|Any CPU.ActiveCfg = Debug|Any CPU
		{63C560CC-DE92-49C8-90B6-1A8A1823EB35}.Debug|Any CPU.Build.0 = Debug|Any CPU
		{63C560CC-DE92-49C8-90B6-1A8A1823EB35}.Release|Any CPU.ActiveCfg = Release|Any CPU
		{63C560CC-DE92-49C8-90B6-1A8A1823EB35}.Release|Any CPU.Build.0 = Release|Any CPU
	EndGlobalSection
	GlobalSection(SolutionProperties) = preSolution
		HideSolutionNode = FALSE
	EndGlobalSection
	GlobalSection(ExtensibilityGlobals) = postSolution
		SolutionGuid = {D903B80B-BDA6-42DC-B82D-2AECCA33841E}
	EndGlobalSection
EndGlobal
